
Microsoft Visual Studio Solution File, Format Version 12.00
# Visual Studio Version 16
VisualStudioVersion = 16.0.29411.108
MinimumVisualStudioVersion = 10.0.40219.1
Project("{FAE04EC0-301F-11D3-BF4B-00C04F79EFBC}") = "MovieShop.API", "MovieShop.API\MovieShop.API.csproj", "{5FA0CC89-A479-4074-88E7-EF6FA7D50B85}"
EndProject
Project("{FAE04EC0-301F-11D3-BF4B-00C04F79EFBC}") = "MovieShop.Data", "MovieShop.data\MovieShop.Data.csproj", "{47600DB7-C58D-4184-B901-6F8175B87EA5}"
EndProject
Project("{FAE04EC0-301F-11D3-BF4B-00C04F79EFBC}") = "MovieShop.Services", "MovieShop.Services\MovieShop.Services.csproj", "{249E03F0-83C1-468E-9339-D3A312BB0E2C}"
EndProject
Project("{FAE04EC0-301F-11D3-BF4B-00C04F79EFBC}") = "MovieShop.Entities", "MovieShop.Entities\MovieShop.Entities.csproj", "{B5790E52-7961-4DA1-8E63-626463A71975}"
EndProject
Global
	GlobalSection(SolutionConfigurationPlatforms) = preSolution
		Debug|Any CPU = Debug|Any CPU
		Release|Any CPU = Release|Any CPU
	EndGlobalSection
	GlobalSection(ProjectConfigurationPlatforms) = postSolution
		{5FA0CC89-A479-4074-88E7-EF6FA7D50B85}.Debug|Any CPU.ActiveCfg = Debug|Any CPU
		{5FA0CC89-A479-4074-88E7-EF6FA7D50B85}.Debug|Any CPU.Build.0 = Debug|Any CPU
		{5FA0CC89-A479-4074-88E7-EF6FA7D50B85}.Release|Any CPU.ActiveCfg = Release|Any CPU
		{5FA0CC89-A479-4074-88E7-EF6FA7D50B85}.Release|Any CPU.Build.0 = Release|Any CPU
		{47600DB7-C58D-4184-B901-6F8175B87EA5}.Debug|Any CPU.ActiveCfg = Debug|Any CPU
		{47600DB7-C58D-4184-B901-6F8175B87EA5}.Debug|Any CPU.Build.0 = Debug|Any CPU
		{47600DB7-C58D-4184-B901-6F8175B87EA5}.Release|Any CPU.ActiveCfg = Release|Any CPU
		{47600DB7-C58D-4184-B901-6F8175B87EA5}.Release|Any CPU.Build.0 = Release|Any CPU
		{249E03F0-83C1-468E-9339-D3A312BB0E2C}.Debug|Any CPU.ActiveCfg = Debug|Any CPU
		{249E03F0-83C1-468E-9339-D3A312BB0E2C}.Debug|Any CPU.Build.0 = Debug|Any CPU
		{249E03F0-83C1-468E-9339-D3A312BB0E2C}.Release|Any CPU.ActiveCfg = Release|Any CPU
		{249E03F0-83C1-468E-9339-D3A312BB0E2C}.Release|Any CPU.Build.0 = Release|Any CPU
		{B5790E52-7961-4DA1-8E63-626463A71975}.Debug|Any CPU.ActiveCfg = Debug|Any CPU
		{B5790E52-7961-4DA1-8E63-626463A71975}.Debug|Any CPU.Build.0 = Debug|Any CPU
		{B5790E52-7961-4DA1-8E63-626463A71975}.Release|Any CPU.ActiveCfg = Release|Any CPU
		{B5790E52-7961-4DA1-8E63-626463A71975}.Release|Any CPU.Build.0 = Release|Any CPU
	EndGlobalSection
	GlobalSection(SolutionProperties) = preSolution
		HideSolutionNode = FALSE
	EndGlobalSection
	GlobalSection(ExtensibilityGlobals) = postSolution
		SolutionGuid = {B0D47477-784E-4C0D-BD73-B363DA712B51}
	EndGlobalSection
EndGlobal
